name: Refresh lockfile
on:
  push:
    branches: [v3]
    paths:
      - '.github/workflows/refresh-lock.yml'
permissions:
  contents: write
jobs:
  refresh:
    runs-on: ubuntu-latest
    steps:
      - uses: actions/checkout@v4
        with:
          fetch-depth: 0
      - uses: actions/setup-node@v4
        with:
          node-version: '22'
          cache: npm
      - name: Regenerate lock
        run: npm install --package-lock-only --ignore-scripts
      - name: Verify lock
        run: npm install --ignore-scripts
      - name: Commit lock
        run: |
          git config user.name "github-actions[bot]"
          git config user.email "41898282+github-actions[bot]@users.noreply.github.com"
          if git diff --quiet -- package-lock.json; then exit 0; fi
          git add package-lock.json
          git commit -m "refresh dependency lockfile"
          git push origin HEAD:v3
